
Microsoft Visual Studio Solution File, Format Version 12.00
# Visual Studio 15
VisualStudioVersion = 15.0.28307.1927
MinimumVisualStudioVersion = 10.0.40219.1
Project("{8BC9CEB8-8B4A-11D0-8D11-00A0C91BC942}") = "fcproject", "fcproject\fcproject.vcxproj", "{3E6722C8-451B-402F-AC9C-4E0E6FCEF76C}"
EndProject
Project("{54435603-DBB4-11D2-8724-00A0C9A8B90C}") = "Setup1", "Setup1\Setup1.vdproj", "{12DE55BA-5D54-43AB-87BC-7A5322D9A369}"
EndProject
Global
	GlobalSection(SolutionConfigurationPlatforms) = preSolution
		Debug|x64 = Debug|x64
		Debug|x86 = Debug|x86
		Release|x64 = Release|x64
		Release|x86 = Release|x86
	EndGlobalSection
	GlobalSection(ProjectConfigurationPlatforms) = postSolution
		{3E6722C8-451B-402F-AC9C-4E0E6FCEF76C}.Debug|x64.ActiveCfg = Debug|x64
		{3E6722C8-451B-402F-AC9C-4E0E6FCEF76C}.Debug|x64.Build.0 = Debug|x64
		{3E6722C8-451B-402F-AC9C-4E0E6FCEF76C}.Debug|x86.ActiveCfg = Debug|Win32
		{3E6722C8-451B-402F-AC9C-4E0E6FCEF76C}.Debug|x86.Build.0 = Debug|Win32
		{3E6722C8-451B-402F-AC9C-4E0E6FCEF76C}.Release|x64.ActiveCfg = Release|x64
		{3E6722C8-451B-402F-AC9C-4E0E6FCEF76C}.Release|x64.Build.0 = Release|x64
		{3E6722C8-451B-402F-AC9C-4E0E6FCEF76C}.Release|x86.ActiveCfg = Release|Win32
		{3E6722C8-451B-402F-AC9C-4E0E6FCEF76C}.Release|x86.Build.0 = Release|Win32
		{12DE55BA-5D54-43AB-87BC-7A5322D9A369}.Debug|x64.ActiveCfg = Debug
		{12DE55BA-5D54-43AB-87BC-7A5322D9A369}.Debug|x86.ActiveCfg = Debug
		{12DE55BA-5D54-43AB-87BC-7A5322D9A369}.Release|x64.ActiveCfg = Release
		{12DE55BA-5D54-43AB-87BC-7A5322D9A369}.Release|x86.ActiveCfg = Release
	EndGlobalSection
	GlobalSection(SolutionProperties) = preSolution
		HideSolutionNode = FALSE
	EndGlobalSection
	GlobalSection(ExtensibilityGlobals) = postSolution
		SolutionGuid = {A8BBE11D-7648-4EF8-BF7C-567A42C8EA94}
	EndGlobalSection
EndGlobal
